
Microsoft Visual Studio Solution File, Format Version 12.00
# Visual Studio Version 17
VisualStudioVersion = 17.8.34525.116
MinimumVisualStudioVersion = 10.0.40219.1
Project("{9A19103F-16F7-4668-BE54-9A1E7A4F7556}") = "MyBlazorPwa", "MyBlazorPwa\MyBlazorPwa.csproj", "{22F052EF-CE87-4360-BB64-F2BE4DB458E2}"
EndProject
Global
	GlobalSection(SolutionConfigurationPlatforms) = preSolution
		Debug|Any CPU = Debug|Any CPU
		Release|Any CPU = Release|Any CPU
	EndGlobalSection
	GlobalSection(ProjectConfigurationPlatforms) = postSolution
		{22F052EF-CE87-4360-BB64-F2BE4DB458E2}.Debug|Any CPU.ActiveCfg = Debug|Any CPU
		{22F052EF-CE87-4360-BB64-F2BE4DB458E2}.Debug|Any CPU.Build.0 = Debug|Any CPU
		{22F052EF-CE87-4360-BB64-F2BE4DB458E2}.Release|Any CPU.ActiveCfg = Release|Any CPU
		{22F052EF-CE87-4360-BB64-F2BE4DB458E2}.Release|Any CPU.Build.0 = Release|Any CPU
	EndGlobalSection
	GlobalSection(SolutionProperties) = preSolution
		HideSolutionNode = FALSE
	EndGlobalSection
	GlobalSection(ExtensibilityGlobals) = postSolution
		SolutionGuid = {E2C6969A-7952-4D8E-B247-B5C4D4DA86FF}
	EndGlobalSection
EndGlobal
